
Microsoft Visual Studio Solution File, Format Version 12.00
# Visual Studio 15
VisualStudioVersion = 15.0.27130.2036
MinimumVisualStudioVersion = 10.0.40219.1
Project("{2150E333-8FDC-42A3-9474-1A3956D46DE8}") = "src", "src", "{0CBC0211-8B5D-4627-BC64-A3F4D642A6A4}"
EndProject
Project("{2150E333-8FDC-42A3-9474-1A3956D46DE8}") = "docs", "docs", "{0F9F731F-E008-4FCF-B081-73BA14FBE819}"
EndProject
Project("{2150E333-8FDC-42A3-9474-1A3956D46DE8}") = "test", "test", "{5ACAA5E7-D9C0-48D8-A614-788384BB4483}"
EndProject
Project("{9A19103F-16F7-4668-BE54-9A1E7A4F7556}") = "PixelBattles.Shared.DataTransfer", "src\PixelBattles.Shared.DataTransfer\PixelBattles.Shared.DataTransfer.csproj", "{DCF9EA3A-4DD5-479B-9820-D89051F722D8}"
EndProject
Project("{9A19103F-16F7-4668-BE54-9A1E7A4F7556}") = "PixelBattles.Server.Core", "src\PixelBattles.Server.Core\PixelBattles.Server.Core.csproj", "{74BBB64D-52C4-4D61-972A-82EAAFCB19BD}"
EndProject
Project("{9A19103F-16F7-4668-BE54-9A1E7A4F7556}") = "PixelBattles.Server.DataStorage", "src\PixelBattles.Server.DataStorage\PixelBattles.Server.DataStorage.csproj", "{8761C32B-EE63-4044-9DDB-7A5CEF548268}"
EndProject
Project("{9A19103F-16F7-4668-BE54-9A1E7A4F7556}") = "PixelBattles.Server.BusinessLogic", "src\PixelBattles.Server.BusinessLogic\PixelBattles.Server.BusinessLogic.csproj", "{F88F9246-DB50-4EAD-9E6F-21EFAD328E12}"
EndProject
Project("{9A19103F-16F7-4668-BE54-9A1E7A4F7556}") = "PixelBattles.Server.Web", "src\PixelBattles.Server.Web\PixelBattles.Server.Web.csproj", "{FF6BB9B1-7566-4C7C-A23C-2E281EEDA359}"
EndProject
Project("{9A19103F-16F7-4668-BE54-9A1E7A4F7556}") = "PixelBattles.Server.Client", "src\PixelBattles.Server.Client\PixelBattles.Server.Client.csproj", "{79B73096-8279-45C4-BFF9-C2075A1174CB}"
EndProject
Project("{9A19103F-16F7-4668-BE54-9A1E7A4F7556}") = "PixelBattles.Server.Client.Abstractions", "src\PixelBattles.Server.Client.Abstractions\PixelBattles.Server.Client.Abstractions.csproj", "{70C9DCCB-8A49-4272-A544-6B826322DA77}"
EndProject
Project("{2150E333-8FDC-42A3-9474-1A3956D46DE8}") = "client", "client", "{F05FA015-3394-4100-A4DE-72B7E17B0D4A}"
EndProject
Project("{2150E333-8FDC-42A3-9474-1A3956D46DE8}") = "server", "server", "{8CA42F3D-4E2C-4CCD-965F-EF416C7E1056}"
EndProject
Global
	GlobalSection(SolutionConfigurationPlatforms) = preSolution
		Debug|Any CPU = Debug|Any CPU
		Release|Any CPU = Release|Any CPU
	EndGlobalSection
	GlobalSection(ProjectConfigurationPlatforms) = postSolution
		{DCF9EA3A-4DD5-479B-9820-D89051F722D8}.Debug|Any CPU.ActiveCfg = Debug|Any CPU
		{DCF9EA3A-4DD5-479B-9820-D89051F722D8}.Debug|Any CPU.Build.0 = Debug|Any CPU
		{DCF9EA3A-4DD5-479B-9820-D89051F722D8}.Release|Any CPU.ActiveCfg = Release|Any CPU
		{DCF9EA3A-4DD5-479B-9820-D89051F722D8}.Release|Any CPU.Build.0 = Release|Any CPU
		{74BBB64D-52C4-4D61-972A-82EAAFCB19BD}.Debug|Any CPU.ActiveCfg = Debug|Any CPU
		{74BBB64D-52C4-4D61-972A-82EAAFCB19BD}.Debug|Any CPU.Build.0 = Debug|Any CPU
		{74BBB64D-52C4-4D61-972A-82EAAFCB19BD}.Release|Any CPU.ActiveCfg = Release|Any CPU
		{74BBB64D-52C4-4D61-972A-82EAAFCB19BD}.Release|Any CPU.Build.0 = Release|Any CPU
		{8761C32B-EE63-4044-9DDB-7A5CEF548268}.Debug|Any CPU.ActiveCfg = Debug|Any CPU
		{8761C32B-EE63-4044-9DDB-7A5CEF548268}.Debug|Any CPU.Build.0 = Debug|Any CPU
		{8761C32B-EE63-4044-9DDB-7A5CEF548268}.Release|Any CPU.ActiveCfg = Release|Any CPU
		{8761C32B-EE63-4044-9DDB-7A5CEF548268}.Release|Any CPU.Build.0 = Release|Any CPU
		{F88F9246-DB50-4EAD-9E6F-21EFAD328E12}.Debug|Any CPU.ActiveCfg = Debug|Any CPU
		{F88F9246-DB50-4EAD-9E6F-21EFAD328E12}.Debug|Any CPU.Build.0 = Debug|Any CPU
		{F88F9246-DB50-4EAD-9E6F-21EFAD328E12}.Release|Any CPU.ActiveCfg = Release|Any CPU
		{F88F9246-DB50-4EAD-9E6F-21EFAD328E12}.Release|Any CPU.Build.0 = Release|Any CPU
		{FF6BB9B1-7566-4C7C-A23C-2E281EEDA359}.Debug|Any CPU.ActiveCfg = Debug|Any CPU
		{FF6BB9B1-7566-4C7C-A23C-2E281EEDA359}.Debug|Any CPU.Build.0 = Debug|Any CPU
		{FF6BB9B1-7566-4C7C-A23C-2E281EEDA359}.Release|Any CPU.ActiveCfg = Release|Any CPU
		{FF6BB9B1-7566-4C7C-A23C-2E281EEDA359}.Release|Any CPU.Build.0 = Release|Any CPU
		{79B73096-8279-45C4-BFF9-C2075A1174CB}.Debug|Any CPU.ActiveCfg = Debug|Any CPU
		{79B73096-8279-45C4-BFF9-C2075A1174CB}.Debug|Any CPU.Build.0 = Debug|Any CPU
		{79B73096-8279-45C4-BFF9-C2075A1174CB}.Release|Any CPU.ActiveCfg = Release|Any CPU
		{79B73096-8279-45C4-BFF9-C2075A1174CB}.Release|Any CPU.Build.0 = Release|Any CPU
		{70C9DCCB-8A49-4272-A544-6B826322DA77}.Debug|Any CPU.ActiveCfg = Debug|Any CPU
		{70C9DCCB-8A49-4272-A544-6B826322DA77}.Debug|Any CPU.Build.0 = Debug|Any CPU
		{70C9DCCB-8A49-4272-A544-6B826322DA77}.Release|Any CPU.ActiveCfg = Release|Any CPU
		{70C9DCCB-8A49-4272-A544-6B826322DA77}.Release|Any CPU.Build.0 = Release|Any CPU
	EndGlobalSection
	GlobalSection(SolutionProperties) = preSolution
		HideSolutionNode = FALSE
	EndGlobalSection
	GlobalSection(NestedProjects) = preSolution
		{DCF9EA3A-4DD5-479B-9820-D89051F722D8} = {0CBC0211-8B5D-4627-BC64-A3F4D642A6A4}
		{74BBB64D-52C4-4D61-972A-82EAAFCB19BD} = {8CA42F3D-4E2C-4CCD-965F-EF416C7E1056}
		{8761C32B-EE63-4044-9DDB-7A5CEF548268} = {8CA42F3D-4E2C-4CCD-965F-EF416C7E1056}
		{F88F9246-DB50-4EAD-9E6F-21EFAD328E12} = {8CA42F3D-4E2C-4CCD-965F-EF416C7E1056}
		{FF6BB9B1-7566-4C7C-A23C-2E281EEDA359} = {8CA42F3D-4E2C-4CCD-965F-EF416C7E1056}
		{79B73096-8279-45C4-BFF9-C2075A1174CB} = {F05FA015-3394-4100-A4DE-72B7E17B0D4A}
		{70C9DCCB-8A49-4272-A544-6B826322DA77} = {F05FA015-3394-4100-A4DE-72B7E17B0D4A}
		{F05FA015-3394-4100-A4DE-72B7E17B0D4A} = {0CBC0211-8B5D-4627-BC64-A3F4D642A6A4}
		{8CA42F3D-4E2C-4CCD-965F-EF416C7E1056} = {0CBC0211-8B5D-4627-BC64-A3F4D642A6A4}
	EndGlobalSection
	GlobalSection(ExtensibilityGlobals) = postSolution
		SolutionGuid = {92FE1D4D-731F-46E2-B2D6-DE83EB22C174}
	EndGlobalSection
EndGlobal
